
Microsoft Visual Studio Solution File, Format Version 12.00
# Visual Studio Version 16
VisualStudioVersion = 16.0.31005.135
MinimumVisualStudioVersion = 10.0.40219.1
Project("{FAE04EC0-301F-11D3-BF4B-00C04F79EFBC}") = "Client_WCF", "Client_WCF\Client_WCF.csproj", "{1354ACB0-93A5-4D03-BCC7-7E49A413F821}"
EndProject
Global
	GlobalSection(SolutionConfigurationPlatforms) = preSolution
		Debug|Any CPU = Debug|Any CPU
		Release|Any CPU = Release|Any CPU
	EndGlobalSection
	GlobalSection(ProjectConfigurationPlatforms) = postSolution
		{1354ACB0-93A5-4D03-BCC7-7E49A413F821}.Debug|Any CPU.ActiveCfg = Debug|Any CPU
		{1354ACB0-93A5-4D03-BCC7-7E49A413F821}.Debug|Any CPU.Build.0 = Debug|Any CPU
		{1354ACB0-93A5-4D03-BCC7-7E49A413F821}.Release|Any CPU.ActiveCfg = Release|Any CPU
		{1354ACB0-93A5-4D03-BCC7-7E49A413F821}.Release|Any CPU.Build.0 = Release|Any CPU
	EndGlobalSection
	GlobalSection(SolutionProperties) = preSolution
		HideSolutionNode = FALSE
	EndGlobalSection
	GlobalSection(ExtensibilityGlobals) = postSolution
		SolutionGuid = {00F47537-969E-47D4-819E-BED6EB8846AB}
	EndGlobalSection
EndGlobal
